
Microsoft Visual Studio Solution File, Format Version 12.00
# Visual Studio Version 17
VisualStudioVersion = 17.3.32825.248
MinimumVisualStudioVersion = 10.0.40219.1
Project("{FAE04EC0-301F-11D3-BF4B-00C04F79EFBC}") = "tort2", "tort2\tort2.csproj", "{06EE2FCB-0BD2-4709-A630-DE2229946AB3}"
EndProject
Global
	GlobalSection(SolutionConfigurationPlatforms) = preSolution
		Debug|Any CPU = Debug|Any CPU
		Release|Any CPU = Release|Any CPU
	EndGlobalSection
	GlobalSection(ProjectConfigurationPlatforms) = postSolution
		{06EE2FCB-0BD2-4709-A630-DE2229946AB3}.Debug|Any CPU.ActiveCfg = Debug|Any CPU
		{06EE2FCB-0BD2-4709-A630-DE2229946AB3}.Debug|Any CPU.Build.0 = Debug|Any CPU
		{06EE2FCB-0BD2-4709-A630-DE2229946AB3}.Release|Any CPU.ActiveCfg = Release|Any CPU
		{06EE2FCB-0BD2-4709-A630-DE2229946AB3}.Release|Any CPU.Build.0 = Release|Any CPU
	EndGlobalSection
	GlobalSection(SolutionProperties) = preSolution
		HideSolutionNode = FALSE
	EndGlobalSection
	GlobalSection(ExtensibilityGlobals) = postSolution
		SolutionGuid = {4B09578B-A34F-461C-A995-142F7198EBE5}
	EndGlobalSection
EndGlobal
